// !$*UTF8*$!
{
	archiveVersion = 1;
	classes = {
	};
	objectVersion = 56;
	objects = {

/* Begin PBXBuildFile section */
		0A0BF29B29C8BDB700E5EF51 /* WelcomeView.swift in Sources */ = {isa = PBXBuildFile; fileRef = 0A0BF29A29C8BDB700E5EF51 /* WelcomeView.swift */; };
		0A0BF29D29C8C6DA00E5EF51 /* CreateAccountView.swift in Sources */ = {isa = PBXBuildFile; fileRef = 0A0BF29C29C8C6DA00E5EF51 /* CreateAccountView.swift */; };
		0A0BF29F29C8C6E800E5EF51 /* LoginView.swift in Sources */ = {isa = PBXBuildFile; fileRef = 0A0BF29E29C8C6E800E5EF51 /* LoginView.swift */; };
		0A15EA0D29D82CB70011F8F4 /* NewArivalItemView.swift in Sources */ = {isa = PBXBuildFile; fileRef = 0A15EA0C29D82CB70011F8F4 /* NewArivalItemView.swift */; };
		0A28663929CBFD1F0041B8BD /* OfferItem.swift in Sources */ = {isa = PBXBuildFile; fileRef = 0A28663829CBFD1F0041B8BD /* OfferItem.swift */; };
		0A28AD1029CB7581005A666F /* EmailSuccessView.swift in Sources */ = {isa = PBXBuildFile; fileRef = 0A28AD0F29CB7581005A666F /* EmailSuccessView.swift */; };
		0A28AD1229CB75A2005A666F /* ChangePasswordSuccessView.swift in Sources */ = {isa = PBXBuildFile; fileRef = 0A28AD1129CB75A2005A666F /* ChangePasswordSuccessView.swift */; };
		0A2DDB5C29C384A000AB02D9 /* RestaurantsBookingApp.swift in Sources */ = {isa = PBXBuildFile; fileRef = 0A2DDB5B29C384A000AB02D9 /* RestaurantsBookingApp.swift */; };
		0A2DDB5E29C384A000AB02D9 /* ContentView.swift in Sources */ = {isa = PBXBuildFile; fileRef = 0A2DDB5D29C384A000AB02D9 /* ContentView.swift */; };
		0A2DDB6029C384A200AB02D9 /* Assets.xcassets in Resources */ = {isa = PBXBuildFile; fileRef = 0A2DDB5F29C384A200AB02D9 /* Assets.xcassets */; };
		0A2DDB6329C384A200AB02D9 /* Preview Assets.xcassets in Resources */ = {isa = PBXBuildFile; fileRef = 0A2DDB6229C384A200AB02D9 /* Preview Assets.xcassets */; };
		0A2DDB7329C38FB200AB02D9 /* Color+.swift in Sources */ = {isa = PBXBuildFile; fileRef = 0A2DDB7229C38FB200AB02D9 /* Color+.swift */; };
		0A2DDB7529C391A600AB02D9 /* Color.swift in Sources */ = {isa = PBXBuildFile; fileRef = 0A2DDB7429C391A600AB02D9 /* Color.swift */; };
		0A2DDB7729C394AA00AB02D9 /* OnboardingView.swift in Sources */ = {isa = PBXBuildFile; fileRef = 0A2DDB7629C394AA00AB02D9 /* OnboardingView.swift */; };
		0A2DDB7929C3965F00AB02D9 /* CommonButton.swift in Sources */ = {isa = PBXBuildFile; fileRef = 0A2DDB7829C3965F00AB02D9 /* CommonButton.swift */; };
		0A69C46E29C601C000ED6916 /* CommonTextField.swift in Sources */ = {isa = PBXBuildFile; fileRef = 0A69C46D29C601C000ED6916 /* CommonTextField.swift */; };
		0A69C47029C6077600ED6916 /* CommonButtonWithIcon.swift in Sources */ = {isa = PBXBuildFile; fileRef = 0A69C46F29C6077600ED6916 /* CommonButtonWithIcon.swift */; };
		0A69C47729C6102D00ED6916 /* NearbyRestaurantsView.swift in Sources */ = {isa = PBXBuildFile; fileRef = 0A69C47629C6102D00ED6916 /* NearbyRestaurantsView.swift */; };
		0A69C47929C6106A00ED6916 /* FavoritesMenuView.swift in Sources */ = {isa = PBXBuildFile; fileRef = 0A69C47829C6106A00ED6916 /* FavoritesMenuView.swift */; };
		0A69C47B29C610BD00ED6916 /* FoodView.swift in Sources */ = {isa = PBXBuildFile; fileRef = 0A69C47A29C610BD00ED6916 /* FoodView.swift */; };
		0AD0B1AB29C95A1C000B2C66 /* ForgetPasswordView.swift in Sources */ = {isa = PBXBuildFile; fileRef = 0AD0B1AA29C95A1C000B2C66 /* ForgetPasswordView.swift */; };
		0AD0B1AD29C95A32000B2C66 /* ChangePasswordView.swift in Sources */ = {isa = PBXBuildFile; fileRef = 0AD0B1AC29C95A32000B2C66 /* ChangePasswordView.swift */; };
		0AD0B1AF29C95DAF000B2C66 /* CommonSuccessView.swift in Sources */ = {isa = PBXBuildFile; fileRef = 0AD0B1AE29C95DAF000B2C66 /* CommonSuccessView.swift */; };
		0AD35F2A29DB360B00D53067 /* OfferView.swift in Sources */ = {isa = PBXBuildFile; fileRef = 0AD35F2929DB360B00D53067 /* OfferView.swift */; };
		0AE5B36D29D9DE8100965899 /* BookingRestaurantItem.swift in Sources */ = {isa = PBXBuildFile; fileRef = 0AE5B36C29D9DE8100965899 /* BookingRestaurantItem.swift */; };
		0AE5B36F29D9E5C600965899 /* HomeScreen.swift in Sources */ = {isa = PBXBuildFile; fileRef = 0AE5B36E29D9E5C600965899 /* HomeScreen.swift */; };
		0AE5B37129D9E7AB00965899 /* SeeAllItem.swift in Sources */ = {isa = PBXBuildFile; fileRef = 0AE5B37029D9E7AB00965899 /* SeeAllItem.swift */; };
/* End PBXBuildFile section */

/* Begin PBXFileReference section */
		0A0BF29A29C8BDB700E5EF51 /* WelcomeView.swift */ = {isa = PBXFileReference; lastKnownFileType = sourcecode.swift; path = WelcomeView.swift; sourceTree = "<group>"; };
		0A0BF29C29C8C6DA00E5EF51 /* CreateAccountView.swift */ = {isa = PBXFileReference; lastKnownFileType = sourcecode.swift; path = CreateAccountView.swift; sourceTree = "<group>"; };
		0A0BF29E29C8C6E800E5EF51 /* LoginView.swift */ = {isa = PBXFileReference; lastKnownFileType = sourcecode.swift; path = LoginView.swift; sourceTree = "<group>"; };
		0A15EA0C29D82CB70011F8F4 /* NewArivalItemView.swift */ = {isa = PBXFileReference; lastKnownFileType = sourcecode.swift; path = NewArivalItemView.swift; sourceTree = "<group>"; };
		0A28663829CBFD1F0041B8BD /* OfferItem.swift */ = {isa = PBXFileReference; lastKnownFileType = sourcecode.swift; path = OfferItem.swift; sourceTree = "<group>"; };
		0A28AD0F29CB7581005A666F /* EmailSuccessView.swift */ = {isa = PBXFileReference; lastKnownFileType = sourcecode.swift; path = EmailSuccessView.swift; sourceTree = "<group>"; };
		0A28AD1129CB75A2005A666F /* ChangePasswordSuccessView.swift */ = {isa = PBXFileReference; lastKnownFileType = sourcecode.swift; path = ChangePasswordSuccessView.swift; sourceTree = "<group>"; };
		0A2DDB5829C384A000AB02D9 /* RestaurantsBooking.app */ = {isa = PBXFileReference; explicitFileType = wrapper.application; includeInIndex = 0; path = RestaurantsBooking.app; sourceTree = BUILT_PRODUCTS_DIR; };
		0A2DDB5B29C384A000AB02D9 /* RestaurantsBookingApp.swift */ = {isa = PBXFileReference; lastKnownFileType = sourcecode.swift; path = RestaurantsBookingApp.swift; sourceTree = "<group>"; };
		0A2DDB5D29C384A000AB02D9 /* ContentView.swift */ = {isa = PBXFileReference; lastKnownFileType = sourcecode.swift; path = ContentView.swift; sourceTree = "<group>"; };
		0A2DDB5F29C384A200AB02D9 /* Assets.xcassets */ = {isa = PBXFileReference; lastKnownFileType = folder.assetcatalog; path = Assets.xcassets; sourceTree = "<group>"; };
		0A2DDB6229C384A200AB02D9 /* Preview Assets.xcassets */ = {isa = PBXFileReference; lastKnownFileType = folder.assetcatalog; path = "Preview Assets.xcassets"; sourceTree = "<group>"; };
		0A2DDB7229C38FB200AB02D9 /* Color+.swift */ = {isa = PBXFileReference; lastKnownFileType = sourcecode.swift; path = "Color+.swift"; sourceTree = "<group>"; };
		0A2DDB7429C391A600AB02D9 /* Color.swift */ = {isa = PBXFileReference; lastKnownFileType = sourcecode.swift; path = Color.swift; sourceTree = "<group>"; };
		0A2DDB7629C394AA00AB02D9 /* OnboardingView.swift */ = {isa = PBXFileReference; lastKnownFileType = sourcecode.swift; path = OnboardingView.swift; sourceTree = "<group>"; };
		0A2DDB7829C3965F00AB02D9 /* CommonButton.swift */ = {isa = PBXFileReference; lastKnownFileType = sourcecode.swift; path = CommonButton.swift; sourceTree = "<group>"; };
		0A69C46D29C601C000ED6916 /* CommonTextField.swift */ = {isa = PBXFileReference; lastKnownFileType = sourcecode.swift; path = CommonTextField.swift; sourceTree = "<group>"; };
		0A69C46F29C6077600ED6916 /* CommonButtonWithIcon.swift */ = {isa = PBXFileReference; lastKnownFileType = sourcecode.swift; path = CommonButtonWithIcon.swift; sourceTree = "<group>"; };
		0A69C47629C6102D00ED6916 /* NearbyRestaurantsView.swift */ = {isa = PBXFileReference; lastKnownFileType = sourcecode.swift; path = NearbyRestaurantsView.swift; sourceTree = "<group>"; };
		0A69C47829C6106A00ED6916 /* FavoritesMenuView.swift */ = {isa = PBXFileReference; lastKnownFileType = sourcecode.swift; path = FavoritesMenuView.swift; sourceTree = "<group>"; };
		0A69C47A29C610BD00ED6916 /* FoodView.swift */ = {isa = PBXFileReference; lastKnownFileType = sourcecode.swift; path = FoodView.swift; sourceTree = "<group>"; };
		0AD0B1AA29C95A1C000B2C66 /* ForgetPasswordView.swift */ = {isa = PBXFileReference; lastKnownFileType = sourcecode.swift; path = ForgetPasswordView.swift; sourceTree = "<group>"; };
		0AD0B1AC29C95A32000B2C66 /* ChangePasswordView.swift */ = {isa = PBXFileReference; lastKnownFileType = sourcecode.swift; path = ChangePasswordView.swift; sourceTree = "<group>"; };
		0AD0B1AE29C95DAF000B2C66 /* CommonSuccessView.swift */ = {isa = PBXFileReference; lastKnownFileType = sourcecode.swift; path = CommonSuccessView.swift; sourceTree = "<group>"; };
		0AD35F2929DB360B00D53067 /* OfferView.swift */ = {isa = PBXFileReference; lastKnownFileType = sourcecode.swift; path = OfferView.swift; sourceTree = "<group>"; };
		0AE5B36C29D9DE8100965899 /* BookingRestaurantItem.swift */ = {isa = PBXFileReference; lastKnownFileType = sourcecode.swift; path = BookingRestaurantItem.swift; sourceTree = "<group>"; };
		0AE5B36E29D9E5C600965899 /* HomeScreen.swift */ = {isa = PBXFileReference; lastKnownFileType = sourcecode.swift; path = HomeScreen.swift; sourceTree = "<group>"; };
		0AE5B37029D9E7AB00965899 /* SeeAllItem.swift */ = {isa = PBXFileReference; lastKnownFileType = sourcecode.swift; path = SeeAllItem.swift; sourceTree = "<group>"; };
/* End PBXFileReference section */

/* Begin PBXFrameworksBuildPhase section */
		0A2DDB5529C384A000AB02D9 /* Frameworks */ = {
			isa = PBXFrameworksBuildPhase;
			buildActionMask = 2147483647;
			files = (
			);
			runOnlyForDeploymentPostprocessing = 0;
		};
/* End PBXFrameworksBuildPhase section */

/* Begin PBXGroup section */
		0A28663629CBFB800041B8BD /* HomeScreen */ = {
			isa = PBXGroup;
			children = (
				0AD35F2829DB35FA00D53067 /* New Group */,
				0A28663729CBFB970041B8BD /* Components */,
				0AE5B36E29D9E5C600965899 /* HomeScreen.swift */,
				0AD35F2929DB360B00D53067 /* OfferView.swift */,
			);
			path = HomeScreen;
			sourceTree = "<group>";
		};
		0A28663729CBFB970041B8BD /* Components */ = {
			isa = PBXGroup;
			children = (
				0A28663829CBFD1F0041B8BD /* OfferItem.swift */,
				0A15EA0C29D82CB70011F8F4 /* NewArivalItemView.swift */,
				0AE5B37029D9E7AB00965899 /* SeeAllItem.swift */,
			);
			path = Components;
			sourceTree = "<group>";
		};
		0A2DDB4F29C384A000AB02D9 = {
			isa = PBXGroup;
			children = (
				0A2DDB5A29C384A000AB02D9 /* RestaurantsBooking */,
				0A2DDB5929C384A000AB02D9 /* Products */,
			);
			sourceTree = "<group>";
		};
		0A2DDB5929C384A000AB02D9 /* Products */ = {
			isa = PBXGroup;
			children = (
				0A2DDB5829C384A000AB02D9 /* RestaurantsBooking.app */,
			);
			name = Products;
			sourceTree = "<group>";
		};
		0A2DDB5A29C384A000AB02D9 /* RestaurantsBooking */ = {
			isa = PBXGroup;
			children = (
				0A2DDB7129C38F9900AB02D9 /* Extensions */,
				0A2DDB6C29C3898400AB02D9 /* Resources */,
				0A2DDB6B29C3897B00AB02D9 /* ViewModels */,
				0A2DDB6A29C3897300AB02D9 /* Models */,
				0A2DDB6929C3896B00AB02D9 /* Views */,
				0A2DDB5B29C384A000AB02D9 /* RestaurantsBookingApp.swift */,
				0A2DDB5F29C384A200AB02D9 /* Assets.xcassets */,
				0A2DDB6129C384A200AB02D9 /* Preview Content */,
			);
			path = RestaurantsBooking;
			sourceTree = "<group>";
		};
		0A2DDB6129C384A200AB02D9 /* Preview Content */ = {
			isa = PBXGroup;
			children = (
				0A2DDB6229C384A200AB02D9 /* Preview Assets.xcassets */,
			);
			path = "Preview Content";
			sourceTree = "<group>";
		};
		0A2DDB6929C3896B00AB02D9 /* Views */ = {
			isa = PBXGroup;
			children = (
				0A28663629CBFB800041B8BD /* HomeScreen */,
				0A69C47529C60FE100ED6916 /* Account */,
				0A69C47429C60FD400ED6916 /* Booking */,
				0A69C47229C60F6100ED6916 /* Registration */,
				0A69C47129C60F4900ED6916 /* Onboarding */,
				0A2DDB5D29C384A000AB02D9 /* ContentView.swift */,
			);
			path = Views;
			sourceTree = "<group>";
		};
		0A2DDB6A29C3897300AB02D9 /* Models */ = {
			isa = PBXGroup;
			children = (
			);
			path = Models;
			sourceTree = "<group>";
		};
		0A2DDB6B29C3897B00AB02D9 /* ViewModels */ = {
			isa = PBXGroup;
			children = (
			);
			path = ViewModels;
			sourceTree = "<group>";
		};
		0A2DDB6C29C3898400AB02D9 /* Resources */ = {
			isa = PBXGroup;
			children = (
				0A2DDB6E29C3899300AB02D9 /* Shared */,
				0A2DDB6D29C3898B00AB02D9 /* Catalog */,
			);
			path = Resources;
			sourceTree = "<group>";
		};
		0A2DDB6D29C3898B00AB02D9 /* Catalog */ = {
			isa = PBXGroup;
			children = (
			);
			path = Catalog;
			sourceTree = "<group>";
		};
		0A2DDB6E29C3899300AB02D9 /* Shared */ = {
			isa = PBXGroup;
			children = (
				0A2DDB7629C394AA00AB02D9 /* OnboardingView.swift */,
				0A2DDB7829C3965F00AB02D9 /* CommonButton.swift */,
				0A69C46D29C601C000ED6916 /* CommonTextField.swift */,
				0A69C46F29C6077600ED6916 /* CommonButtonWithIcon.swift */,
			);
			path = Shared;
			sourceTree = "<group>";
		};
		0A2DDB7129C38F9900AB02D9 /* Extensions */ = {
			isa = PBXGroup;
			children = (
				0A2DDB7229C38FB200AB02D9 /* Color+.swift */,
				0A2DDB7429C391A600AB02D9 /* Color.swift */,
			);
			path = Extensions;
			sourceTree = "<group>";
		};
		0A69C47129C60F4900ED6916 /* Onboarding */ = {
			isa = PBXGroup;
			children = (
				0A69C47629C6102D00ED6916 /* NearbyRestaurantsView.swift */,
				0A69C47829C6106A00ED6916 /* FavoritesMenuView.swift */,
				0A69C47A29C610BD00ED6916 /* FoodView.swift */,
			);
			path = Onboarding;
			sourceTree = "<group>";
		};
		0A69C47229C60F6100ED6916 /* Registration */ = {
			isa = PBXGroup;
			children = (
				0A0BF29C29C8C6DA00E5EF51 /* CreateAccountView.swift */,
				0A0BF29E29C8C6E800E5EF51 /* LoginView.swift */,
				0A69C47329C60FA000ED6916 /* ForgetPassword */,
				0A0BF29A29C8BDB700E5EF51 /* WelcomeView.swift */,
				0AD0B1AE29C95DAF000B2C66 /* CommonSuccessView.swift */,
				0A28AD0F29CB7581005A666F /* EmailSuccessView.swift */,
				0A28AD1129CB75A2005A666F /* ChangePasswordSuccessView.swift */,
			);
			path = Registration;
			sourceTree = "<group>";
		};
		0A69C47329C60FA000ED6916 /* ForgetPassword */ = {
			isa = PBXGroup;
			children = (
				0AD0B1AA29C95A1C000B2C66 /* ForgetPasswordView.swift */,
				0AD0B1AC29C95A32000B2C66 /* ChangePasswordView.swift */,
			);
			path = ForgetPassword;
			sourceTree = "<group>";
		};
		0A69C47429C60FD400ED6916 /* Booking */ = {
			isa = PBXGroup;
			children = (
				0AE5B36B29D9DE6000965899 /* Components */,
			);
			path = Booking;
			sourceTree = "<group>";
		};
		0A69C47529C60FE100ED6916 /* Account */ = {
			isa = PBXGroup;
			children = (
			);
			path = Account;
			sourceTree = "<group>";
		};
		0AD35F2829DB35FA00D53067 /* New Group */ = {
			isa = PBXGroup;
			children = (
			);
			path = "New Group";
			sourceTree = "<group>";
		};
		0AE5B36B29D9DE6000965899 /* Components */ = {
			isa = PBXGroup;
			children = (
				0AE5B36C29D9DE8100965899 /* BookingRestaurantItem.swift */,
			);
			path = Components;
			sourceTree = "<group>";
		};
/* End PBXGroup section */

/* Begin PBXNativeTarget section */
		0A2DDB5729C384A000AB02D9 /* RestaurantsBooking */ = {
			isa = PBXNativeTarget;
			buildConfigurationList = 0A2DDB6629C384A200AB02D9 /* Build configuration list for PBXNativeTarget "RestaurantsBooking" */;
			buildPhases = (
				0A2DDB5429C384A000AB02D9 /* Sources */,
				0A2DDB5529C384A000AB02D9 /* Frameworks */,
				0A2DDB5629C384A000AB02D9 /* Resources */,
			);
			buildRules = (
			);
			dependencies = (
			);
			name = RestaurantsBooking;
			productName = RestaurantsBooking;
			productReference = 0A2DDB5829C384A000AB02D9 /* RestaurantsBooking.app */;
			productType = "com.apple.product-type.application";
		};
/* End PBXNativeTarget section */

/* Begin PBXProject section */
		0A2DDB5029C384A000AB02D9 /* Project object */ = {
			isa = PBXProject;
			attributes = {
				BuildIndependentTargetsInParallel = 1;
				LastSwiftUpdateCheck = 1420;
				LastUpgradeCheck = 1420;
				TargetAttributes = {
					0A2DDB5729C384A000AB02D9 = {
						CreatedOnToolsVersion = 14.2;
					};
				};
			};
			buildConfigurationList = 0A2DDB5329C384A000AB02D9 /* Build configuration list for PBXProject "RestaurantsBooking" */;
			compatibilityVersion = "Xcode 14.0";
			developmentRegion = en;
			hasScannedForEncodings = 0;
			knownRegions = (
				en,
				Base,
			);
			mainGroup = 0A2DDB4F29C384A000AB02D9;
			productRefGroup = 0A2DDB5929C384A000AB02D9 /* Products */;
			projectDirPath = "";
			projectRoot = "";
			targets = (
				0A2DDB5729C384A000AB02D9 /* RestaurantsBooking */,
			);
		};
/* End PBXProject section */

/* Begin PBXResourcesBuildPhase section */
		0A2DDB5629C384A000AB02D9 /* Resources */ = {
			isa = PBXResourcesBuildPhase;
			buildActionMask = 2147483647;
			files = (
				0A2DDB6329C384A200AB02D9 /* Preview Assets.xcassets in Resources */,
				0A2DDB6029C384A200AB02D9 /* Assets.xcassets in Resources */,
			);
			runOnlyForDeploymentPostprocessing = 0;
		};
/* End PBXResourcesBuildPhase section */

/* Begin PBXSourcesBuildPhase section */
		0A2DDB5429C384A000AB02D9 /* Sources */ = {
			isa = PBXSourcesBuildPhase;
			buildActionMask = 2147483647;
			files = (
				0A69C47729C6102D00ED6916 /* NearbyRestaurantsView.swift in Sources */,
				0A2DDB7329C38FB200AB02D9 /* Color+.swift in Sources */,
				0AD0B1AF29C95DAF000B2C66 /* CommonSuccessView.swift in Sources */,
				0A28AD1229CB75A2005A666F /* ChangePasswordSuccessView.swift in Sources */,
				0AD35F2A29DB360B00D53067 /* OfferView.swift in Sources */,
				0A15EA0D29D82CB70011F8F4 /* NewArivalItemView.swift in Sources */,
				0A2DDB5E29C384A000AB02D9 /* ContentView.swift in Sources */,
				0A69C47B29C610BD00ED6916 /* FoodView.swift in Sources */,
				0A69C46E29C601C000ED6916 /* CommonTextField.swift in Sources */,
				0AE5B37129D9E7AB00965899 /* SeeAllItem.swift in Sources */,
				0A2DDB7529C391A600AB02D9 /* Color.swift in Sources */,
				0A0BF29D29C8C6DA00E5EF51 /* CreateAccountView.swift in Sources */,
				0AD0B1AD29C95A32000B2C66 /* ChangePasswordView.swift in Sources */,
				0A69C47929C6106A00ED6916 /* FavoritesMenuView.swift in Sources */,
				0A0BF29F29C8C6E800E5EF51 /* LoginView.swift in Sources */,
				0A28AD1029CB7581005A666F /* EmailSuccessView.swift in Sources */,
				0A0BF29B29C8BDB700E5EF51 /* WelcomeView.swift in Sources */,
				0AD0B1AB29C95A1C000B2C66 /* ForgetPasswordView.swift in Sources */,
				0A2DDB5C29C384A000AB02D9 /* RestaurantsBookingApp.swift in Sources */,
				0A2DDB7929C3965F00AB02D9 /* CommonButton.swift in Sources */,
				0A2DDB7729C394AA00AB02D9 /* OnboardingView.swift in Sources */,
				0AE5B36D29D9DE8100965899 /* BookingRestaurantItem.swift in Sources */,
				0AE5B36F29D9E5C600965899 /* HomeScreen.swift in Sources */,
				0A69C47029C6077600ED6916 /* CommonButtonWithIcon.swift in Sources */,
				0A28663929CBFD1F0041B8BD /* OfferItem.swift in Sources */,
			);
			runOnlyForDeploymentPostprocessing = 0;
		};
/* End PBXSourcesBuildPhase section */

/* Begin XCBuildConfiguration section */
		0A2DDB6429C384A200AB02D9 /* Debug */ = {
			isa = XCBuildConfiguration;
			buildSettings = {
				ALWAYS_SEARCH_USER_PATHS = NO;
				CLANG_ANALYZER_NONNULL = YES;
				CLANG_ANALYZER_NUMBER_OBJECT_CONVERSION = YES_AGGRESSIVE;
				CLANG_CXX_LANGUAGE_STANDARD = "gnu++20";
				CLANG_ENABLE_MODULES = YES;
				CLANG_ENABLE_OBJC_ARC = YES;
				CLANG_ENABLE_OBJC_WEAK = YES;
				CLANG_WARN_BLOCK_CAPTURE_AUTORELEASING = YES;
				CLANG_WARN_BOOL_CONVERSION = YES;
				CLANG_WARN_COMMA = YES;
				CLANG_WARN_CONSTANT_CONVERSION = YES;
				CLANG_WARN_DEPRECATED_OBJC_IMPLEMENTATIONS = YES;
				CLANG_WARN_DIRECT_OBJC_ISA_USAGE = YES_ERROR;
				CLANG_WARN_DOCUMENTATION_COMMENTS = YES;
				CLANG_WARN_EMPTY_BODY = YES;
				CLANG_WARN_ENUM_CONVERSION = YES;
				CLANG_WARN_INFINITE_RECURSION = YES;
				CLANG_WARN_INT_CONVERSION = YES;
				CLANG_WARN_NON_LITERAL_NULL_CONVERSION = YES;
				CLANG_WARN_OBJC_IMPLICIT_RETAIN_SELF = YES;
				CLANG_WARN_OBJC_LITERAL_CONVERSION = YES;
				CLANG_WARN_OBJC_ROOT_CLASS = YES_ERROR;
				CLANG_WARN_QUOTED_INCLUDE_IN_FRAMEWORK_HEADER = YES;
				CLANG_WARN_RANGE_LOOP_ANALYSIS = YES;
				CLANG_WARN_STRICT_PROTOTYPES = YES;
				CLANG_WARN_SUSPICIOUS_MOVE = YES;
				CLANG_WARN_UNGUARDED_AVAILABILITY = YES_AGGRESSIVE;
				CLANG_WARN_UNREACHABLE_CODE = YES;
				CLANG_WARN__DUPLICATE_METHOD_MATCH = YES;
				COPY_PHASE_STRIP = NO;
				DEBUG_INFORMATION_FORMAT = dwarf;
				ENABLE_STRICT_OBJC_MSGSEND = YES;
				ENABLE_TESTABILITY = YES;
				GCC_C_LANGUAGE_STANDARD = gnu11;
				GCC_DYNAMIC_NO_PIC = NO;
				GCC_NO_COMMON_BLOCKS = YES;
				GCC_OPTIMIZATION_LEVEL = 0;
				GCC_PREPROCESSOR_DEFINITIONS = (
					"DEBUG=1",
					"$(inherited)",
				);
				GCC_WARN_64_TO_32_BIT_CONVERSION = YES;
				GCC_WARN_ABOUT_RETURN_TYPE = YES_ERROR;
				GCC_WARN_UNDECLARED_SELECTOR = YES;
				GCC_WARN_UNINITIALIZED_AUTOS = YES_AGGRESSIVE;
				GCC_WARN_UNUSED_FUNCTION = YES;
				GCC_WARN_UNUSED_VARIABLE = YES;
				IPHONEOS_DEPLOYMENT_TARGET = 16.2;
				MTL_ENABLE_DEBUG_INFO = INCLUDE_SOURCE;
				MTL_FAST_MATH = YES;
				ONLY_ACTIVE_ARCH = YES;
				SDKROOT = iphoneos;
				SWIFT_ACTIVE_COMPILATION_CONDITIONS = DEBUG;
				SWIFT_OPTIMIZATION_LEVEL = "-Onone";
			};
			name = Debug;
		};
		0A2DDB6529C384A200AB02D9 /* Release */ = {
			isa = XCBuildConfiguration;
			buildSettings = {
				ALWAYS_SEARCH_USER_PATHS = NO;
				CLANG_ANALYZER_NONNULL = YES;
				CLANG_ANALYZER_NUMBER_OBJECT_CONVERSION = YES_AGGRESSIVE;
				CLANG_CXX_LANGUAGE_STANDARD = "gnu++20";
				CLANG_ENABLE_MODULES = YES;
				CLANG_ENABLE_OBJC_ARC = YES;
				CLANG_ENABLE_OBJC_WEAK = YES;
				CLANG_WARN_BLOCK_CAPTURE_AUTORELEASING = YES;
				CLANG_WARN_BOOL_CONVERSION = YES;
				CLANG_WARN_COMMA = YES;
				CLANG_WARN_CONSTANT_CONVERSION = YES;
				CLANG_WARN_DEPRECATED_OBJC_IMPLEMENTATIONS = YES;
				CLANG_WARN_DIRECT_OBJC_ISA_USAGE = YES_ERROR;
				CLANG_WARN_DOCUMENTATION_COMMENTS = YES;
				CLANG_WARN_EMPTY_BODY = YES;
				CLANG_WARN_ENUM_CONVERSION = YES;
				CLANG_WARN_INFINITE_RECURSION = YES;
				CLANG_WARN_INT_CONVERSION = YES;
				CLANG_WARN_NON_LITERAL_NULL_CONVERSION = YES;
				CLANG_WARN_OBJC_IMPLICIT_RETAIN_SELF = YES;
				CLANG_WARN_OBJC_LITERAL_CONVERSION = YES;
				CLANG_WARN_OBJC_ROOT_CLASS = YES_ERROR;
				CLANG_WARN_QUOTED_INCLUDE_IN_FRAMEWORK_HEADER = YES;
				CLANG_WARN_RANGE_LOOP_ANALYSIS = YES;
				CLANG_WARN_STRICT_PROTOTYPES = YES;
				CLANG_WARN_SUSPICIOUS_MOVE = YES;
				CLANG_WARN_UNGUARDED_AVAILABILITY = YES_AGGRESSIVE;
				CLANG_WARN_UNREACHABLE_CODE = YES;
				CLANG_WARN__DUPLICATE_METHOD_MATCH = YES;
				COPY_PHASE_STRIP = NO;
				DEBUG_INFORMATION_FORMAT = "dwarf-with-dsym";
				ENABLE_NS_ASSERTIONS = NO;
				ENABLE_STRICT_OBJC_MSGSEND = YES;
				GCC_C_LANGUAGE_STANDARD = gnu11;
				GCC_NO_COMMON_BLOCKS = YES;
				GCC_WARN_64_TO_32_BIT_CONVERSION = YES;
				GCC_WARN_ABOUT_RETURN_TYPE = YES_ERROR;
				GCC_WARN_UNDECLARED_SELECTOR = YES;
				GCC_WARN_UNINITIALIZED_AUTOS = YES_AGGRESSIVE;
				GCC_WARN_UNUSED_FUNCTION = YES;
				GCC_WARN_UNUSED_VARIABLE = YES;
				IPHONEOS_DEPLOYMENT_TARGET = 16.2;
				MTL_ENABLE_DEBUG_INFO = NO;
				MTL_FAST_MATH = YES;
				SDKROOT = iphoneos;
				SWIFT_COMPILATION_MODE = wholemodule;
				SWIFT_OPTIMIZATION_LEVEL = "-O";
				VALIDATE_PRODUCT = YES;
			};
			name = Release;
		};
		0A2DDB6729C384A200AB02D9 /* Debug */ = {
			isa = XCBuildConfiguration;
			buildSettings = {
				ASSETCATALOG_COMPILER_APPICON_NAME = AppIcon;
				ASSETCATALOG_COMPILER_GLOBAL_ACCENT_COLOR_NAME = AccentColor;
				CODE_SIGN_STYLE = Automatic;
				CURRENT_PROJECT_VERSION = 1;
				DEVELOPMENT_ASSET_PATHS = "\"RestaurantsBooking/Preview Content\"";
				ENABLE_PREVIEWS = YES;
				GENERATE_INFOPLIST_FILE = YES;
				INFOPLIST_KEY_UIApplicationSceneManifest_Generation = YES;
				INFOPLIST_KEY_UIApplicationSupportsIndirectInputEvents = YES;
				INFOPLIST_KEY_UILaunchScreen_Generation = YES;
				INFOPLIST_KEY_UISupportedInterfaceOrientations_iPad = "UIInterfaceOrientationPortrait UIInterfaceOrientationPortraitUpsideDown UIInterfaceOrientationLandscapeLeft UIInterfaceOrientationLandscapeRight";
				INFOPLIST_KEY_UISupportedInterfaceOrientations_iPhone = "UIInterfaceOrientationPortrait UIInterfaceOrientationLandscapeLeft UIInterfaceOrientationLandscapeRight";
				LD_RUNPATH_SEARCH_PATHS = (
					"$(inherited)",
					"@executable_path/Frameworks",
				);
				MARKETING_VERSION = 1.0;
				PRODUCT_BUNDLE_IDENTIFIER = com.masudrana.RestaurantsBooking;
				PRODUCT_NAME = "$(TARGET_NAME)";
				SWIFT_EMIT_LOC_STRINGS = YES;
				SWIFT_VERSION = 5.0;
				TARGETED_DEVICE_FAMILY = "1,2";
			};
			name = Debug;
		};
		0A2DDB6829C384A200AB02D9 /* Release */ = {
			isa = XCBuildConfiguration;
			buildSettings = {
				ASSETCATALOG_COMPILER_APPICON_NAME = AppIcon;
				ASSETCATALOG_COMPILER_GLOBAL_ACCENT_COLOR_NAME = AccentColor;
				CODE_SIGN_STYLE = Automatic;
				CURRENT_PROJECT_VERSION = 1;
				DEVELOPMENT_ASSET_PATHS = "\"RestaurantsBooking/Preview Content\"";
				ENABLE_PREVIEWS = YES;
				GENERATE_INFOPLIST_FILE = YES;
				INFOPLIST_KEY_UIApplicationSceneManifest_Generation = YES;
				INFOPLIST_KEY_UIApplicationSupportsIndirectInputEvents = YES;
				INFOPLIST_KEY_UILaunchScreen_Generation = YES;
				INFOPLIST_KEY_UISupportedInterfaceOrientations_iPad = "UIInterfaceOrientationPortrait UIInterfaceOrientationPortraitUpsideDown UIInterfaceOrientationLandscapeLeft UIInterfaceOrientationLandscapeRight";
				INFOPLIST_KEY_UISupportedInterfaceOrientations_iPhone = "UIInterfaceOrientationPortrait UIInterfaceOrientationLandscapeLeft UIInterfaceOrientationLandscapeRight";
				LD_RUNPATH_SEARCH_PATHS = (
					"$(inherited)",
					"@executable_path/Frameworks",
				);
				MARKETING_VERSION = 1.0;
				PRODUCT_BUNDLE_IDENTIFIER = com.masudrana.RestaurantsBooking;
				PRODUCT_NAME = "$(TARGET_NAME)";
				SWIFT_EMIT_LOC_STRINGS = YES;
				SWIFT_VERSION = 5.0;
				TARGETED_DEVICE_FAMILY = "1,2";
			};
			name = Release;
		};
/* End XCBuildConfiguration section */

/* Begin XCConfigurationList section */
		0A2DDB5329C384A000AB02D9 /* Build configuration list for PBXProject "RestaurantsBooking" */ = {
			isa = XCConfigurationList;
			buildConfigurations = (
				0A2DDB6429C384A200AB02D9 /* Debug */,
				0A2DDB6529C384A200AB02D9 /* Release */,
			);
			defaultConfigurationIsVisible = 0;
			defaultConfigurationName = Release;
		};
		0A2DDB6629C384A200AB02D9 /* Build configuration list for PBXNativeTarget "RestaurantsBooking" */ = {
			isa = XCConfigurationList;
			buildConfigurations = (
				0A2DDB6729C384A200AB02D9 /* Debug */,
				0A2DDB6829C384A200AB02D9 /* Release */,
			);
			defaultConfigurationIsVisible = 0;
			defaultConfigurationName = Release;
		};
/* End XCConfigurationList section */
	};
	rootObject = 0A2DDB5029C384A000AB02D9 /* Project object */;
}
